// !$*UTF8*$!
{
	archiveVersion = 1;
	classes = {
	};
	objectVersion = 77;
	objects = {

/* Begin PBXBuildFile section */
		34876BE52D7DA65800A2CC07 /* WidgetKit.framework in Frameworks */ = {isa = PBXBuildFile; fileRef = 34876BE42D7DA65800A2CC07 /* WidgetKit.framework */; };
		34876BE72D7DA65800A2CC07 /* SwiftUI.framework in Frameworks */ = {isa = PBXBuildFile; fileRef = 34876BE62D7DA65800A2CC07 /* SwiftUI.framework */; };
		34876BF82D7DA65900A2CC07 /* WidgetTestExtension.appex in Embed Foundation Extensions */ = {isa = PBXBuildFile; fileRef = 34876BE22D7DA65800A2CC07 /* WidgetTestExtension.appex */; settings = {ATTRIBUTES = (RemoveHeadersOnCopy, ); }; };
/* End PBXBuildFile section */

/* Begin PBXContainerItemProxy section */
		34876BF62D7DA65900A2CC07 /* PBXContainerItemProxy */ = {
			isa = PBXContainerItemProxy;
			containerPortal = 34876BBD2D7D04FC00A2CC07 /* Project object */;
			proxyType = 1;
			remoteGlobalIDString = 34876BE12D7DA65800A2CC07;
			remoteInfo = WidgetTestExtension;
		};
/* End PBXContainerItemProxy section */

/* Begin PBXCopyFilesBuildPhase section */
		34876BFD2D7DA65900A2CC07 /* Embed Foundation Extensions */ = {
			isa = PBXCopyFilesBuildPhase;
			buildActionMask = 2147483647;
			dstPath = "";
			dstSubfolderSpec = 13;
			files = (
				34876BF82D7DA65900A2CC07 /* WidgetTestExtension.appex in Embed Foundation Extensions */,
			);
			name = "Embed Foundation Extensions";
			runOnlyForDeploymentPostprocessing = 0;
		};
/* End PBXCopyFilesBuildPhase section */

/* Begin PBXFileReference section */
		34876BC52D7D04FC00A2CC07 /* CloudKitSyncTest.app */ = {isa = PBXFileReference; explicitFileType = wrapper.application; includeInIndex = 0; path = CloudKitSyncTest.app; sourceTree = BUILT_PRODUCTS_DIR; };
		34876BE22D7DA65800A2CC07 /* WidgetTestExtension.appex */ = {isa = PBXFileReference; explicitFileType = "wrapper.app-extension"; includeInIndex = 0; path = WidgetTestExtension.appex; sourceTree = BUILT_PRODUCTS_DIR; };
		34876BE42D7DA65800A2CC07 /* WidgetKit.framework */ = {isa = PBXFileReference; lastKnownFileType = wrapper.framework; name = WidgetKit.framework; path = System/Library/Frameworks/WidgetKit.framework; sourceTree = SDKROOT; };
		34876BE62D7DA65800A2CC07 /* SwiftUI.framework */ = {isa = PBXFileReference; lastKnownFileType = wrapper.framework; name = SwiftUI.framework; path = System/Library/Frameworks/SwiftUI.framework; sourceTree = SDKROOT; };
		34876BFE2D7DA66500A2CC07 /* WidgetTestExtension.entitlements */ = {isa = PBXFileReference; lastKnownFileType = text.plist.entitlements; path = WidgetTestExtension.entitlements; sourceTree = "<group>"; };
/* End PBXFileReference section */

/* Begin PBXFileSystemSynchronizedBuildFileExceptionSet section */
		34876BD82D7D04FD00A2CC07 /* Exceptions for "CloudKitSyncTest" folder in "CloudKitSyncTest" target */ = {
			isa = PBXFileSystemSynchronizedBuildFileExceptionSet;
			membershipExceptions = (
				Info.plist,
			);
			target = 34876BC42D7D04FC00A2CC07 /* CloudKitSyncTest */;
		};
		34876BFC2D7DA65900A2CC07 /* Exceptions for "WidgetTest" folder in "WidgetTestExtension" target */ = {
			isa = PBXFileSystemSynchronizedBuildFileExceptionSet;
			membershipExceptions = (
				Info.plist,
			);
			target = 34876BE12D7DA65800A2CC07 /* WidgetTestExtension */;
		};
		34876C002D7DA82200A2CC07 /* Exceptions for "CloudKitSyncTest" folder in "WidgetTestExtension" target */ = {
			isa = PBXFileSystemSynchronizedBuildFileExceptionSet;
			membershipExceptions = (
				CloudKitSyncTest.xcdatamodeld,
				Persistence.swift,
			);
			target = 34876BE12D7DA65800A2CC07 /* WidgetTestExtension */;
		};
/* End PBXFileSystemSynchronizedBuildFileExceptionSet section */

/* Begin PBXFileSystemSynchronizedRootGroup section */
		34876BC72D7D04FC00A2CC07 /* CloudKitSyncTest */ = {
			isa = PBXFileSystemSynchronizedRootGroup;
			exceptions = (
				34876BD82D7D04FD00A2CC07 /* Exceptions for "CloudKitSyncTest" folder in "CloudKitSyncTest" target */,
				34876C002D7DA82200A2CC07 /* Exceptions for "CloudKitSyncTest" folder in "WidgetTestExtension" target */,
			);
			path = CloudKitSyncTest;
			sourceTree = "<group>";
		};
		34876BE82D7DA65800A2CC07 /* WidgetTest */ = {
			isa = PBXFileSystemSynchronizedRootGroup;
			exceptions = (
				34876BFC2D7DA65900A2CC07 /* Exceptions for "WidgetTest" folder in "WidgetTestExtension" target */,
			);
			path = WidgetTest;
			sourceTree = "<group>";
		};
/* End PBXFileSystemSynchronizedRootGroup section */

/* Begin PBXFrameworksBuildPhase section */
		34876BC22D7D04FC00A2CC07 /* Frameworks */ = {
			isa = PBXFrameworksBuildPhase;
			buildActionMask = 2147483647;
			files = (
			);
			runOnlyForDeploymentPostprocessing = 0;
		};
		34876BDF2D7DA65800A2CC07 /* Frameworks */ = {
			isa = PBXFrameworksBuildPhase;
			buildActionMask = 2147483647;
			files = (
				34876BE72D7DA65800A2CC07 /* SwiftUI.framework in Frameworks */,
				34876BE52D7DA65800A2CC07 /* WidgetKit.framework in Frameworks */,
			);
			runOnlyForDeploymentPostprocessing = 0;
		};
/* End PBXFrameworksBuildPhase section */

/* Begin PBXGroup section */
		34876BBC2D7D04FC00A2CC07 = {
			isa = PBXGroup;
			children = (
				34876BFE2D7DA66500A2CC07 /* WidgetTestExtension.entitlements */,
				34876BC72D7D04FC00A2CC07 /* CloudKitSyncTest */,
				34876BE82D7DA65800A2CC07 /* WidgetTest */,
				34876BE32D7DA65800A2CC07 /* Frameworks */,
				34876BC62D7D04FC00A2CC07 /* Products */,
			);
			sourceTree = "<group>";
		};
		34876BC62D7D04FC00A2CC07 /* Products */ = {
			isa = PBXGroup;
			children = (
				34876BC52D7D04FC00A2CC07 /* CloudKitSyncTest.app */,
				34876BE22D7DA65800A2CC07 /* WidgetTestExtension.appex */,
			);
			name = Products;
			sourceTree = "<group>";
		};
		34876BE32D7DA65800A2CC07 /* Frameworks */ = {
			isa = PBXGroup;
			children = (
				34876BE42D7DA65800A2CC07 /* WidgetKit.framework */,
				34876BE62D7DA65800A2CC07 /* SwiftUI.framework */,
			);
			name = Frameworks;
			sourceTree = "<group>";
		};
/* End PBXGroup section */

/* Begin PBXNativeTarget section */
		34876BC42D7D04FC00A2CC07 /* CloudKitSyncTest */ = {
			isa = PBXNativeTarget;
			buildConfigurationList = 34876BD92D7D04FD00A2CC07 /* Build configuration list for PBXNativeTarget "CloudKitSyncTest" */;
			buildPhases = (
				34876BC12D7D04FC00A2CC07 /* Sources */,
				34876BC22D7D04FC00A2CC07 /* Frameworks */,
				34876BC32D7D04FC00A2CC07 /* Resources */,
				34876BFD2D7DA65900A2CC07 /* Embed Foundation Extensions */,
			);
			buildRules = (
			);
			dependencies = (
				34876BF72D7DA65900A2CC07 /* PBXTargetDependency */,
			);
			fileSystemSynchronizedGroups = (
				34876BC72D7D04FC00A2CC07 /* CloudKitSyncTest */,
			);
			name = CloudKitSyncTest;
			packageProductDependencies = (
			);
			productName = CloudKitSyncTest;
			productReference = 34876BC52D7D04FC00A2CC07 /* CloudKitSyncTest.app */;
			productType = "com.apple.product-type.application";
		};
		34876BE12D7DA65800A2CC07 /* WidgetTestExtension */ = {
			isa = PBXNativeTarget;
			buildConfigurationList = 34876BF92D7DA65900A2CC07 /* Build configuration list for PBXNativeTarget "WidgetTestExtension" */;
			buildPhases = (
				34876BDE2D7DA65800A2CC07 /* Sources */,
				34876BDF2D7DA65800A2CC07 /* Frameworks */,
				34876BE02D7DA65800A2CC07 /* Resources */,
			);
			buildRules = (
			);
			dependencies = (
			);
			fileSystemSynchronizedGroups = (
				34876BE82D7DA65800A2CC07 /* WidgetTest */,
			);
			name = WidgetTestExtension;
			packageProductDependencies = (
			);
			productName = WidgetTestExtension;
			productReference = 34876BE22D7DA65800A2CC07 /* WidgetTestExtension.appex */;
			productType = "com.apple.product-type.app-extension";
		};
/* End PBXNativeTarget section */

/* Begin PBXProject section */
		34876BBD2D7D04FC00A2CC07 /* Project object */ = {
			isa = PBXProject;
			attributes = {
				BuildIndependentTargetsInParallel = 1;
				LastSwiftUpdateCheck = 1600;
				LastUpgradeCheck = 1600;
				TargetAttributes = {
					34876BC42D7D04FC00A2CC07 = {
						CreatedOnToolsVersion = 16.0;
					};
					34876BE12D7DA65800A2CC07 = {
						CreatedOnToolsVersion = 16.0;
					};
				};
			};
			buildConfigurationList = 34876BC02D7D04FC00A2CC07 /* Build configuration list for PBXProject "CloudKitSyncTest" */;
			developmentRegion = en;
			hasScannedForEncodings = 0;
			knownRegions = (
				en,
				Base,
			);
			mainGroup = 34876BBC2D7D04FC00A2CC07;
			minimizedProjectReferenceProxies = 1;
			preferredProjectObjectVersion = 77;
			productRefGroup = 34876BC62D7D04FC00A2CC07 /* Products */;
			projectDirPath = "";
			projectRoot = "";
			targets = (
				34876BC42D7D04FC00A2CC07 /* CloudKitSyncTest */,
				34876BE12D7DA65800A2CC07 /* WidgetTestExtension */,
			);
		};
/* End PBXProject section */

/* Begin PBXResourcesBuildPhase section */
		34876BC32D7D04FC00A2CC07 /* Resources */ = {
			isa = PBXResourcesBuildPhase;
			buildActionMask = 2147483647;
			files = (
			);
			runOnlyForDeploymentPostprocessing = 0;
		};
		34876BE02D7DA65800A2CC07 /* Resources */ = {
			isa = PBXResourcesBuildPhase;
			buildActionMask = 2147483647;
			files = (
			);
			runOnlyForDeploymentPostprocessing = 0;
		};
/* End PBXResourcesBuildPhase section */

/* Begin PBXSourcesBuildPhase section */
		34876BC12D7D04FC00A2CC07 /* Sources */ = {
			isa = PBXSourcesBuildPhase;
			buildActionMask = 2147483647;
			files = (
			);
			runOnlyForDeploymentPostprocessing = 0;
		};
		34876BDE2D7DA65800A2CC07 /* Sources */ = {
			isa = PBXSourcesBuildPhase;
			buildActionMask = 2147483647;
			files = (
			);
			runOnlyForDeploymentPostprocessing = 0;
		};
/* End PBXSourcesBuildPhase section */

/* Begin PBXTargetDependency section */
		34876BF72D7DA65900A2CC07 /* PBXTargetDependency */ = {
			isa = PBXTargetDependency;
			target = 34876BE12D7DA65800A2CC07 /* WidgetTestExtension */;
			targetProxy = 34876BF62D7DA65900A2CC07 /* PBXContainerItemProxy */;
		};
/* End PBXTargetDependency section */

/* Begin XCBuildConfiguration section */
		34876BDA2D7D04FD00A2CC07 /* Debug */ = {
			isa = XCBuildConfiguration;
			buildSettings = {
				ASSETCATALOG_COMPILER_APPICON_NAME = AppIcon;
				ASSETCATALOG_COMPILER_GLOBAL_ACCENT_COLOR_NAME = AccentColor;
				CODE_SIGN_ENTITLEMENTS = CloudKitSyncTest/CloudKitSyncTest.entitlements;
				CODE_SIGN_IDENTITY = "Apple Development";
				CODE_SIGN_STYLE = Automatic;
				CURRENT_PROJECT_VERSION = 1;
				DEVELOPMENT_ASSET_PATHS = "\"CloudKitSyncTest/Preview Content\"";
				DEVELOPMENT_TEAM = 4R384VB9X3;
				ENABLE_PREVIEWS = YES;
				GENERATE_INFOPLIST_FILE = YES;
				INFOPLIST_FILE = CloudKitSyncTest/Info.plist;
				INFOPLIST_KEY_UIApplicationSceneManifest_Generation = YES;
				INFOPLIST_KEY_UIApplicationSupportsIndirectInputEvents = YES;
				INFOPLIST_KEY_UILaunchScreen_Generation = YES;
				INFOPLIST_KEY_UISupportedInterfaceOrientations_iPad = "UIInterfaceOrientationPortrait UIInterfaceOrientationPortraitUpsideDown UIInterfaceOrientationLandscapeLeft UIInterfaceOrientationLandscapeRight";
				INFOPLIST_KEY_UISupportedInterfaceOrientations_iPhone = "UIInterfaceOrientationPortrait UIInterfaceOrientationLandscapeLeft UIInterfaceOrientationLandscapeRight";
				LD_RUNPATH_SEARCH_PATHS = (
					"$(inherited)",
					"@executable_path/Frameworks",
				);
				MARKETING_VERSION = 1.0;
				PRODUCT_BUNDLE_IDENTIFIER = "de.mischa-hildebrand.CloudKitSyncTest";
				PRODUCT_NAME = "$(TARGET_NAME)";
				PROVISIONING_PROFILE_SPECIFIER = "";
				SWIFT_EMIT_LOC_STRINGS = YES;
				SWIFT_VERSION = 5.0;
				TARGETED_DEVICE_FAMILY = "1,2";
			};
			name = Debug;
		};
		34876BDB2D7D04FD00A2CC07 /* Release */ = {
			isa = XCBuildConfiguration;
			buildSettings = {
				ASSETCATALOG_COMPILER_APPICON_NAME = AppIcon;
				ASSETCATALOG_COMPILER_GLOBAL_ACCENT_COLOR_NAME = AccentColor;
				CODE_SIGN_ENTITLEMENTS = CloudKitSyncTest/CloudKitSyncTest.entitlements;
				CODE_SIGN_IDENTITY = "Apple Development";
				CODE_SIGN_STYLE = Automatic;
				CURRENT_PROJECT_VERSION = 1;
				DEVELOPMENT_ASSET_PATHS = "\"CloudKitSyncTest/Preview Content\"";
				DEVELOPMENT_TEAM = 4R384VB9X3;
				ENABLE_PREVIEWS = YES;
				GENERATE_INFOPLIST_FILE = YES;
				INFOPLIST_FILE = CloudKitSyncTest/Info.plist;
				INFOPLIST_KEY_UIApplicationSceneManifest_Generation = YES;
				INFOPLIST_KEY_UIApplicationSupportsIndirectInputEvents = YES;
				INFOPLIST_KEY_UILaunchScreen_Generation = YES;
				INFOPLIST_KEY_UISupportedInterfaceOrientations_iPad = "UIInterfaceOrientationPortrait UIInterfaceOrientationPortraitUpsideDown UIInterfaceOrientationLandscapeLeft UIInterfaceOrientationLandscapeRight";
				INFOPLIST_KEY_UISupportedInterfaceOrientations_iPhone = "UIInterfaceOrientationPortrait UIInterfaceOrientationLandscapeLeft UIInterfaceOrientationLandscapeRight";
				LD_RUNPATH_SEARCH_PATHS = (
					"$(inherited)",
					"@executable_path/Frameworks",
				);
				MARKETING_VERSION = 1.0;
				PRODUCT_BUNDLE_IDENTIFIER = "de.mischa-hildebrand.CloudKitSyncTest";
				PRODUCT_NAME = "$(TARGET_NAME)";
				PROVISIONING_PROFILE_SPECIFIER = "";
				SWIFT_EMIT_LOC_STRINGS = YES;
				SWIFT_VERSION = 5.0;
				TARGETED_DEVICE_FAMILY = "1,2";
			};
			name = Release;
		};
		34876BDC2D7D04FD00A2CC07 /* Debug */ = {
			isa = XCBuildConfiguration;
			buildSettings = {
				ALWAYS_SEARCH_USER_PATHS = NO;
				ASSETCATALOG_COMPILER_GENERATE_SWIFT_ASSET_SYMBOL_EXTENSIONS = YES;
				CLANG_ANALYZER_NONNULL = YES;
				CLANG_ANALYZER_NUMBER_OBJECT_CONVERSION = YES_AGGRESSIVE;
				CLANG_CXX_LANGUAGE_STANDARD = "gnu++20";
				CLANG_ENABLE_MODULES = YES;
				CLANG_ENABLE_OBJC_ARC = YES;
				CLANG_ENABLE_OBJC_WEAK = YES;
				CLANG_WARN_BLOCK_CAPTURE_AUTORELEASING = YES;
				CLANG_WARN_BOOL_CONVERSION = YES;
				CLANG_WARN_COMMA = YES;
				CLANG_WARN_CONSTANT_CONVERSION = YES;
				CLANG_WARN_DEPRECATED_OBJC_IMPLEMENTATIONS = YES;
				CLANG_WARN_DIRECT_OBJC_ISA_USAGE = YES_ERROR;
				CLANG_WARN_DOCUMENTATION_COMMENTS = YES;
				CLANG_WARN_EMPTY_BODY = YES;
				CLANG_WARN_ENUM_CONVERSION = YES;
				CLANG_WARN_INFINITE_RECURSION = YES;
				CLANG_WARN_INT_CONVERSION = YES;
				CLANG_WARN_NON_LITERAL_NULL_CONVERSION = YES;
				CLANG_WARN_OBJC_IMPLICIT_RETAIN_SELF = YES;
				CLANG_WARN_OBJC_LITERAL_CONVERSION = YES;
				CLANG_WARN_OBJC_ROOT_CLASS = YES_ERROR;
				CLANG_WARN_QUOTED_INCLUDE_IN_FRAMEWORK_HEADER = YES;
				CLANG_WARN_RANGE_LOOP_ANALYSIS = YES;
				CLANG_WARN_STRICT_PROTOTYPES = YES;
				CLANG_WARN_SUSPICIOUS_MOVE = YES;
				CLANG_WARN_UNGUARDED_AVAILABILITY = YES_AGGRESSIVE;
				CLANG_WARN_UNREACHABLE_CODE = YES;
				CLANG_WARN__DUPLICATE_METHOD_MATCH = YES;
				COPY_PHASE_STRIP = NO;
				DEBUG_INFORMATION_FORMAT = dwarf;
				ENABLE_STRICT_OBJC_MSGSEND = YES;
				ENABLE_TESTABILITY = YES;
				ENABLE_USER_SCRIPT_SANDBOXING = YES;
				GCC_C_LANGUAGE_STANDARD = gnu17;
				GCC_DYNAMIC_NO_PIC = NO;
				GCC_NO_COMMON_BLOCKS = YES;
				GCC_OPTIMIZATION_LEVEL = 0;
				GCC_PREPROCESSOR_DEFINITIONS = (
					"DEBUG=1",
					"$(inherited)",
				);
				GCC_WARN_64_TO_32_BIT_CONVERSION = YES;
				GCC_WARN_ABOUT_RETURN_TYPE = YES_ERROR;
				GCC_WARN_UNDECLARED_SELECTOR = YES;
				GCC_WARN_UNINITIALIZED_AUTOS = YES_AGGRESSIVE;
				GCC_WARN_UNUSED_FUNCTION = YES;
				GCC_WARN_UNUSED_VARIABLE = YES;
				IPHONEOS_DEPLOYMENT_TARGET = 18.0;
				LOCALIZATION_PREFERS_STRING_CATALOGS = YES;
				MTL_ENABLE_DEBUG_INFO = INCLUDE_SOURCE;
				MTL_FAST_MATH = YES;
				ONLY_ACTIVE_ARCH = YES;
				SDKROOT = iphoneos;
				SWIFT_ACTIVE_COMPILATION_CONDITIONS = "DEBUG $(inherited)";
				SWIFT_OPTIMIZATION_LEVEL = "-Onone";
			};
			name = Debug;
		};
		34876BDD2D7D04FD00A2CC07 /* Release */ = {
			isa = XCBuildConfiguration;
			buildSettings = {
				ALWAYS_SEARCH_USER_PATHS = NO;
				ASSETCATALOG_COMPILER_GENERATE_SWIFT_ASSET_SYMBOL_EXTENSIONS = YES;
				CLANG_ANALYZER_NONNULL = YES;
				CLANG_ANALYZER_NUMBER_OBJECT_CONVERSION = YES_AGGRESSIVE;
				CLANG_CXX_LANGUAGE_STANDARD = "gnu++20";
				CLANG_ENABLE_MODULES = YES;
				CLANG_ENABLE_OBJC_ARC = YES;
				CLANG_ENABLE_OBJC_WEAK = YES;
				CLANG_WARN_BLOCK_CAPTURE_AUTORELEASING = YES;
				CLANG_WARN_BOOL_CONVERSION = YES;
				CLANG_WARN_COMMA = YES;
				CLANG_WARN_CONSTANT_CONVERSION = YES;
				CLANG_WARN_DEPRECATED_OBJC_IMPLEMENTATIONS = YES;
				CLANG_WARN_DIRECT_OBJC_ISA_USAGE = YES_ERROR;
				CLANG_WARN_DOCUMENTATION_COMMENTS = YES;
				CLANG_WARN_EMPTY_BODY = YES;
				CLANG_WARN_ENUM_CONVERSION = YES;
				CLANG_WARN_INFINITE_RECURSION = YES;
				CLANG_WARN_INT_CONVERSION = YES;
				CLANG_WARN_NON_LITERAL_NULL_CONVERSION = YES;
				CLANG_WARN_OBJC_IMPLICIT_RETAIN_SELF = YES;
				CLANG_WARN_OBJC_LITERAL_CONVERSION = YES;
				CLANG_WARN_OBJC_ROOT_CLASS = YES_ERROR;
				CLANG_WARN_QUOTED_INCLUDE_IN_FRAMEWORK_HEADER = YES;
				CLANG_WARN_RANGE_LOOP_ANALYSIS = YES;
				CLANG_WARN_STRICT_PROTOTYPES = YES;
				CLANG_WARN_SUSPICIOUS_MOVE = YES;
				CLANG_WARN_UNGUARDED_AVAILABILITY = YES_AGGRESSIVE;
				CLANG_WARN_UNREACHABLE_CODE = YES;
				CLANG_WARN__DUPLICATE_METHOD_MATCH = YES;
				COPY_PHASE_STRIP = NO;
				DEBUG_INFORMATION_FORMAT = "dwarf-with-dsym";
				ENABLE_NS_ASSERTIONS = NO;
				ENABLE_STRICT_OBJC_MSGSEND = YES;
				ENABLE_USER_SCRIPT_SANDBOXING = YES;
				GCC_C_LANGUAGE_STANDARD = gnu17;
				GCC_NO_COMMON_BLOCKS = YES;
				GCC_WARN_64_TO_32_BIT_CONVERSION = YES;
				GCC_WARN_ABOUT_RETURN_TYPE = YES_ERROR;
				GCC_WARN_UNDECLARED_SELECTOR = YES;
				GCC_WARN_UNINITIALIZED_AUTOS = YES_AGGRESSIVE;
				GCC_WARN_UNUSED_FUNCTION = YES;
				GCC_WARN_UNUSED_VARIABLE = YES;
				IPHONEOS_DEPLOYMENT_TARGET = 18.0;
				LOCALIZATION_PREFERS_STRING_CATALOGS = YES;
				MTL_ENABLE_DEBUG_INFO = NO;
				MTL_FAST_MATH = YES;
				SDKROOT = iphoneos;
				SWIFT_COMPILATION_MODE = wholemodule;
				VALIDATE_PRODUCT = YES;
			};
			name = Release;
		};
		34876BFA2D7DA65900A2CC07 /* Debug */ = {
			isa = XCBuildConfiguration;
			buildSettings = {
				ASSETCATALOG_COMPILER_GLOBAL_ACCENT_COLOR_NAME = AccentColor;
				ASSETCATALOG_COMPILER_WIDGET_BACKGROUND_COLOR_NAME = WidgetBackground;
				CODE_SIGN_ENTITLEMENTS = WidgetTestExtension.entitlements;
				CODE_SIGN_IDENTITY = "Apple Development";
				CODE_SIGN_STYLE = Automatic;
				CURRENT_PROJECT_VERSION = 1;
				DEVELOPMENT_TEAM = 4R384VB9X3;
				GENERATE_INFOPLIST_FILE = YES;
				INFOPLIST_FILE = WidgetTest/Info.plist;
				INFOPLIST_KEY_CFBundleDisplayName = WidgetTest;
				INFOPLIST_KEY_NSHumanReadableCopyright = "";
				LD_RUNPATH_SEARCH_PATHS = (
					"$(inherited)",
					"@executable_path/Frameworks",
					"@executable_path/../../Frameworks",
				);
				MARKETING_VERSION = 1.0;
				PRODUCT_BUNDLE_IDENTIFIER = "de.mischa-hildebrand.CloudKitSyncTest.WidgetTest";
				PRODUCT_NAME = "$(TARGET_NAME)";
				SKIP_INSTALL = YES;
				SWIFT_EMIT_LOC_STRINGS = YES;
				SWIFT_VERSION = 5.0;
				TARGETED_DEVICE_FAMILY = "1,2";
			};
			name = Debug;
		};
		34876BFB2D7DA65900A2CC07 /* Release */ = {
			isa = XCBuildConfiguration;
			buildSettings = {
				ASSETCATALOG_COMPILER_GLOBAL_ACCENT_COLOR_NAME = AccentColor;
				ASSETCATALOG_COMPILER_WIDGET_BACKGROUND_COLOR_NAME = WidgetBackground;
				CODE_SIGN_ENTITLEMENTS = WidgetTestExtension.entitlements;
				CODE_SIGN_IDENTITY = "Apple Development";
				CODE_SIGN_STYLE = Automatic;
				CURRENT_PROJECT_VERSION = 1;
				DEVELOPMENT_TEAM = 4R384VB9X3;
				GENERATE_INFOPLIST_FILE = YES;
				INFOPLIST_FILE = WidgetTest/Info.plist;
				INFOPLIST_KEY_CFBundleDisplayName = WidgetTest;
				INFOPLIST_KEY_NSHumanReadableCopyright = "";
				LD_RUNPATH_SEARCH_PATHS = (
					"$(inherited)",
					"@executable_path/Frameworks",
					"@executable_path/../../Frameworks",
				);
				MARKETING_VERSION = 1.0;
				PRODUCT_BUNDLE_IDENTIFIER = "de.mischa-hildebrand.CloudKitSyncTest.WidgetTest";
				PRODUCT_NAME = "$(TARGET_NAME)";
				SKIP_INSTALL = YES;
				SWIFT_EMIT_LOC_STRINGS = YES;
				SWIFT_VERSION = 5.0;
				TARGETED_DEVICE_FAMILY = "1,2";
			};
			name = Release;
		};
/* End XCBuildConfiguration section */

/* Begin XCConfigurationList section */
		34876BC02D7D04FC00A2CC07 /* Build configuration list for PBXProject "CloudKitSyncTest" */ = {
			isa = XCConfigurationList;
			buildConfigurations = (
				34876BDC2D7D04FD00A2CC07 /* Debug */,
				34876BDD2D7D04FD00A2CC07 /* Release */,
			);
			defaultConfigurationIsVisible = 0;
			defaultConfigurationName = Release;
		};
		34876BD92D7D04FD00A2CC07 /* Build configuration list for PBXNativeTarget "CloudKitSyncTest" */ = {
			isa = XCConfigurationList;
			buildConfigurations = (
				34876BDA2D7D04FD00A2CC07 /* Debug */,
				34876BDB2D7D04FD00A2CC07 /* Release */,
			);
			defaultConfigurationIsVisible = 0;
			defaultConfigurationName = Release;
		};
		34876BF92D7DA65900A2CC07 /* Build configuration list for PBXNativeTarget "WidgetTestExtension" */ = {
			isa = XCConfigurationList;
			buildConfigurations = (
				34876BFA2D7DA65900A2CC07 /* Debug */,
				34876BFB2D7DA65900A2CC07 /* Release */,
			);
			defaultConfigurationIsVisible = 0;
			defaultConfigurationName = Release;
		};
/* End XCConfigurationList section */
	};
	rootObject = 34876BBD2D7D04FC00A2CC07 /* Project object */;
}
